
Microsoft Visual Studio Solution File, Format Version 12.00
# Visual Studio Version 17
VisualStudioVersion = 17.1.32210.238
MinimumVisualStudioVersion = 10.0.40219.1
Project("{FAE04EC0-301F-11D3-BF4B-00C04F79EFBC}") = "Enums", "Enums\Enums.csproj", "{728CDCD8-4541-4605-A7B1-5E4BFFB1A894}"
EndProject
Global
	GlobalSection(SolutionConfigurationPlatforms) = preSolution
		Debug|Any CPU = Debug|Any CPU
		Release|Any CPU = Release|Any CPU
	EndGlobalSection
	GlobalSection(ProjectConfigurationPlatforms) = postSolution
		{728CDCD8-4541-4605-A7B1-5E4BFFB1A894}.Debug|Any CPU.ActiveCfg = Debug|Any CPU
		{728CDCD8-4541-4605-A7B1-5E4BFFB1A894}.Debug|Any CPU.Build.0 = Debug|Any CPU
		{728CDCD8-4541-4605-A7B1-5E4BFFB1A894}.Release|Any CPU.ActiveCfg = Release|Any CPU
		{728CDCD8-4541-4605-A7B1-5E4BFFB1A894}.Release|Any CPU.Build.0 = Release|Any CPU
	EndGlobalSection
	GlobalSection(SolutionProperties) = preSolution
		HideSolutionNode = FALSE
	EndGlobalSection
	GlobalSection(ExtensibilityGlobals) = postSolution
		SolutionGuid = {5DFD6F79-F6F8-45CF-9EAF-93E0BE6B0F47}
	EndGlobalSection
EndGlobal
